github.com/pornin/go-fn-dsa v0.2.0 h1:RmooBaeFdBLBR/JW84a3Yp1l5kUekG15OeYczdmdrBk=
github.com/pornin/go-fn-dsa v0.2.0/go.mod h1:zq8VDViPjC+5ujiOQXQ9UdhCE/TF7oEFuidtffNgo1o=
golang.org/x/crypto v0.23.0 h1:dIJU/v2J8Mdglj/8rJ6UUOM3Zc9zLZxVZwwxMooUSAI=
golang.org/x/crypto v0.23.0/go.mod h1:CKFgDieR+mRhux2Lsu27y0fO304Db0wZe70UKqHu0v8=
golang.org/x/sys v0.20.0 h1:Od9JTbYCk261bKm4M/mw7AklTlFYIa0bIp9BgSm1S8Y=
golang.org/x/sys v0.20.0/go.mod h1:/VUhepiaJMQUp4+oa/7Zr1D23ma6VTLIYjOOTFZPUcA=
